
Microsoft Visual Studio Solution File, Format Version 12.00
# Visual Studio 15
VisualStudioVersion = 15.0.27703.2035
MinimumVisualStudioVersion = 10.0.40219.1
Project("{9092AA53-FB77-4645-B42D-1CCCA6BD08BD}") = "BtcBalance", "BtcBalance.njsproj", "{2D54C810-36E6-462A-BD6D-5335F211228C}"
EndProject
Project("{9092AA53-FB77-4645-B42D-1CCCA6BD08BD}") = "XlmBalance", "..\XlmBalance\XlmBalance.njsproj", "{DE4CE49E-1E20-4499-A666-61F1454A2C76}"
EndProject
Global
	GlobalSection(SolutionConfigurationPlatforms) = preSolution
		Debug|Any CPU = Debug|Any CPU
		Release|Any CPU = Release|Any CPU
	EndGlobalSection
	GlobalSection(ProjectConfigurationPlatforms) = postSolution
		{2D54C810-36E6-462A-BD6D-5335F211228C}.Debug|Any CPU.ActiveCfg = Debug|Any CPU
		{2D54C810-36E6-462A-BD6D-5335F211228C}.Debug|Any CPU.Build.0 = Debug|Any CPU
		{2D54C810-36E6-462A-BD6D-5335F211228C}.Release|Any CPU.ActiveCfg = Release|Any CPU
		{2D54C810-36E6-462A-BD6D-5335F211228C}.Release|Any CPU.Build.0 = Release|Any CPU
		{DE4CE49E-1E20-4499-A666-61F1454A2C76}.Debug|Any CPU.ActiveCfg = Debug|Any CPU
		{DE4CE49E-1E20-4499-A666-61F1454A2C76}.Debug|Any CPU.Build.0 = Debug|Any CPU
		{DE4CE49E-1E20-4499-A666-61F1454A2C76}.Release|Any CPU.ActiveCfg = Release|Any CPU
		{DE4CE49E-1E20-4499-A666-61F1454A2C76}.Release|Any CPU.Build.0 = Release|Any CPU
	EndGlobalSection
	GlobalSection(SolutionProperties) = preSolution
		HideSolutionNode = FALSE
	EndGlobalSection
	GlobalSection(ExtensibilityGlobals) = postSolution
		SolutionGuid = {C78BACC3-C45C-4489-B386-F37700C69DEE}
	EndGlobalSection
EndGlobal
